PODS:
  - MultiPlatformLibrary (0.1.0)

DEPENDENCIES:
  - MultiPlatformLibrary (from `../mpp-library`)

EXTERNAL SOURCES:
  MultiPlatformLibrary:
    :path: "../mpp-library"

SPEC CHECKSUMS:
  MultiPlatformLibrary: 176fb8ade516666cd47e93de1b71ba0441a541bb

PODFILE CHECKSUM: 68b1a7b3453f9dbea0e91a6439f872724d5c91ce

COCOAPODS: 1.10.0
