PODS:
  - MultiPlatformLibrary (0.1.0)

DEPENDENCIES:
  - MultiPlatformLibrary (from `../mpp-library`)

EXTERNAL SOURCES:
  MultiPlatformLibrary:
    :path: "../mpp-library"

SPEC CHECKSUMS:
  MultiPlatformLibrary: e90154651f2068415822dc37193df246c92e7b2a

PODFILE CHECKSUM: 3489a19ac13b026e40a17088bf5fc0f330626fb3

COCOAPODS: 1.15.2
